// !$*UTF8*$!
{
	archiveVersion = 1;
	classes = {
	};
	objectVersion = 50;
	objects = {

/* Begin PBXBuildFile section */
		A3BC81462349251C0045E623 /* AppDelegate.swift in Sources */ = {isa = PBXBuildFile; fileRef = A3BC81452349251C0045E623 /* AppDelegate.swift */; };
		A3BC81482349251C0045E623 /* SceneDelegate.swift in Sources */ = {isa = PBXBuildFile; fileRef = A3BC81472349251C0045E623 /* SceneDelegate.swift */; };
		A3BC814A2349251C0045E623 /* ViewController.swift in Sources */ = {isa = PBXBuildFile; fileRef = A3BC81492349251C0045E623 /* ViewController.swift */; };
		A3BC814D2349251C0045E623 /* Main.storyboard in Resources */ = {isa = PBXBuildFile; fileRef = A3BC814B2349251C0045E623 /* Main.storyboard */; };
		A3BC814F2349251E0045E623 /* Assets.xcassets in Resources */ = {isa = PBXBuildFile; fileRef = A3BC814E2349251E0045E623 /* Assets.xcassets */; };
		A3BC81522349251E0045E623 /* LaunchScreen.storyboard in Resources */ = {isa = PBXBuildFile; fileRef = A3BC81502349251E0045E623 /* LaunchScreen.storyboard */; };
		A3BC815E23492D830045E623 /* Pergunta.swift in Sources */ = {isa = PBXBuildFile; fileRef = A3BC815D23492D830045E623 /* Pergunta.swift */; };
		A3BC816023492F060045E623 /* Jogador.swift in Sources */ = {isa = PBXBuildFile; fileRef = A3BC815F23492F060045E623 /* Jogador.swift */; };
/* End PBXBuildFile section */

/* Begin PBXFileReference section */
		A3BC81422349251C0045E623 /* ShowDoMilhao.app */ = {isa = PBXFileReference; explicitFileType = wrapper.application; includeInIndex = 0; path = ShowDoMilhao.app; sourceTree = BUILT_PRODUCTS_DIR; };
		A3BC81452349251C0045E623 /* AppDelegate.swift */ = {isa = PBXFileReference; lastKnownFileType = sourcecode.swift; path = AppDelegate.swift; sourceTree = "<group>"; };
		A3BC81472349251C0045E623 /* SceneDelegate.swift */ = {isa = PBXFileReference; lastKnownFileType = sourcecode.swift; path = SceneDelegate.swift; sourceTree = "<group>"; };
		A3BC81492349251C0045E623 /* ViewController.swift */ = {isa = PBXFileReference; lastKnownFileType = sourcecode.swift; path = ViewController.swift; sourceTree = "<group>"; };
		A3BC814C2349251C0045E623 /* Base */ = {isa = PBXFileReference; lastKnownFileType = file.storyboard; name = Base; path = Base.lproj/Main.storyboard; sourceTree = "<group>"; };
		A3BC814E2349251E0045E623 /* Assets.xcassets */ = {isa = PBXFileReference; lastKnownFileType = folder.assetcatalog; path = Assets.xcassets; sourceTree = "<group>"; };
		A3BC81512349251E0045E623 /* Base */ = {isa = PBXFileReference; lastKnownFileType = file.storyboard; name = Base; path = Base.lproj/LaunchScreen.storyboard; sourceTree = "<group>"; };
		A3BC81532349251E0045E623 /* Info.plist */ = {isa = PBXFileReference; lastKnownFileType = text.plist.xml; path = Info.plist; sourceTree = "<group>"; };
		A3BC815D23492D830045E623 /* Pergunta.swift */ = {isa = PBXFileReference; lastKnownFileType = sourcecode.swift; path = Pergunta.swift; sourceTree = "<group>"; };
		A3BC815F23492F060045E623 /* Jogador.swift */ = {isa = PBXFileReference; lastKnownFileType = sourcecode.swift; path = Jogador.swift; sourceTree = "<group>"; };
/* End PBXFileReference section */

/* Begin PBXFrameworksBuildPhase section */
		A3BC813F2349251C0045E623 /* Frameworks */ = {
			isa = PBXFrameworksBuildPhase;
			buildActionMask = 2147483647;
			files = (
			);
			runOnlyForDeploymentPostprocessing = 0;
		};
/* End PBXFrameworksBuildPhase section */

/* Begin PBXGroup section */
		A3BC81392349251C0045E623 = {
			isa = PBXGroup;
			children = (
				A3BC81442349251C0045E623 /* ShowDoMilhao */,
				A3BC81432349251C0045E623 /* Products */,
			);
			sourceTree = "<group>";
		};
		A3BC81432349251C0045E623 /* Products */ = {
			isa = PBXGroup;
			children = (
				A3BC81422349251C0045E623 /* ShowDoMilhao.app */,
			);
			name = Products;
			sourceTree = "<group>";
		};
		A3BC81442349251C0045E623 /* ShowDoMilhao */ = {
			isa = PBXGroup;
			children = (
				A3BC815923492AD40045E623 /* Application */,
				A3BC815A23492AE10045E623 /* Base */,
				A3BC815B23492AEA0045E623 /* Controller */,
				A3BC815C23492C780045E623 /* Model */,
				A3BC81532349251E0045E623 /* Info.plist */,
			);
			path = ShowDoMilhao;
			sourceTree = "<group>";
		};
		A3BC815923492AD40045E623 /* Application */ = {
			isa = PBXGroup;
			children = (
				A3BC81452349251C0045E623 /* AppDelegate.swift */,
				A3BC81472349251C0045E623 /* SceneDelegate.swift */,
				A3BC814E2349251E0045E623 /* Assets.xcassets */,
			);
			path = Application;
			sourceTree = "<group>";
		};
		A3BC815A23492AE10045E623 /* Base */ = {
			isa = PBXGroup;
			children = (
				A3BC814B2349251C0045E623 /* Main.storyboard */,
				A3BC81502349251E0045E623 /* LaunchScreen.storyboard */,
			);
			path = Base;
			sourceTree = "<group>";
		};
		A3BC815B23492AEA0045E623 /* Controller */ = {
			isa = PBXGroup;
			children = (
				A3BC81492349251C0045E623 /* ViewController.swift */,
			);
			path = Controller;
			sourceTree = "<group>";
		};
		A3BC815C23492C780045E623 /* Model */ = {
			isa = PBXGroup;
			children = (
				A3BC815D23492D830045E623 /* Pergunta.swift */,
				A3BC815F23492F060045E623 /* Jogador.swift */,
			);
			path = Model;
			sourceTree = "<group>";
		};
/* End PBXGroup section */

/* Begin PBXNativeTarget section */
		A3BC81412349251C0045E623 /* ShowDoMilhao */ = {
			isa = PBXNativeTarget;
			buildConfigurationList = A3BC81562349251E0045E623 /* Build configuration list for PBXNativeTarget "ShowDoMilhao" */;
			buildPhases = (
				A3BC813E2349251C0045E623 /* Sources */,
				A3BC813F2349251C0045E623 /* Frameworks */,
				A3BC81402349251C0045E623 /* Resources */,
			);
			buildRules = (
			);
			dependencies = (
			);
			name = ShowDoMilhao;
			productName = ShowDoMilhao;
			productReference = A3BC81422349251C0045E623 /* ShowDoMilhao.app */;
			productType = "com.apple.product-type.application";
		};
/* End PBXNativeTarget section */

/* Begin PBXProject section */
		A3BC813A2349251C0045E623 /* Project object */ = {
			isa = PBXProject;
			attributes = {
				LastSwiftUpdateCheck = 1100;
				LastUpgradeCheck = 1100;
				ORGANIZATIONNAME = osGods;
				TargetAttributes = {
					A3BC81412349251C0045E623 = {
						CreatedOnToolsVersion = 11.0;
					};
				};
			};
			buildConfigurationList = A3BC813D2349251C0045E623 /* Build configuration list for PBXProject "ShowDoMilhao" */;
			compatibilityVersion = "Xcode 9.3";
			developmentRegion = en;
			hasScannedForEncodings = 0;
			knownRegions = (
				en,
				Base,
			);
			mainGroup = A3BC81392349251C0045E623;
			productRefGroup = A3BC81432349251C0045E623 /* Products */;
			projectDirPath = "";
			projectRoot = "";
			targets = (
				A3BC81412349251C0045E623 /* ShowDoMilhao */,
			);
		};
/* End PBXProject section */

/* Begin PBXResourcesBuildPhase section */
		A3BC81402349251C0045E623 /* Resources */ = {
			isa = PBXResourcesBuildPhase;
			buildActionMask = 2147483647;
			files = (
				A3BC81522349251E0045E623 /* LaunchScreen.storyboard in Resources */,
				A3BC814F2349251E0045E623 /* Assets.xcassets in Resources */,
				A3BC814D2349251C0045E623 /* Main.storyboard in Resources */,
			);
			runOnlyForDeploymentPostprocessing = 0;
		};
/* End PBXResourcesBuildPhase section */

/* Begin PBXSourcesBuildPhase section */
		A3BC813E2349251C0045E623 /* Sources */ = {
			isa = PBXSourcesBuildPhase;
			buildActionMask = 2147483647;
			files = (
				A3BC814A2349251C0045E623 /* ViewController.swift in Sources */,
				A3BC81462349251C0045E623 /* AppDelegate.swift in Sources */,
				A3BC816023492F060045E623 /* Jogador.swift in Sources */,
				A3BC81482349251C0045E623 /* SceneDelegate.swift in Sources */,
				A3BC815E23492D830045E623 /* Pergunta.swift in Sources */,
			);
			runOnlyForDeploymentPostprocessing = 0;
		};
/* End PBXSourcesBuildPhase section */

/* Begin PBXVariantGroup section */
		A3BC814B2349251C0045E623 /* Main.storyboard */ = {
			isa = PBXVariantGroup;
			children = (
				A3BC814C2349251C0045E623 /* Base */,
			);
			name = Main.storyboard;
			sourceTree = "<group>";
		};
		A3BC81502349251E0045E623 /* LaunchScreen.storyboard */ = {
			isa = PBXVariantGroup;
			children = (
				A3BC81512349251E0045E623 /* Base */,
			);
			name = LaunchScreen.storyboard;
			sourceTree = "<group>";
		};
/* End PBXVariantGroup section */

/* Begin XCBuildConfiguration section */
		A3BC81542349251E0045E623 /* Debug */ = {
			isa = XCBuildConfiguration;
			buildSettings = {
				ALWAYS_SEARCH_USER_PATHS = NO;
				CLANG_ANALYZER_NONNULL = YES;
				CLANG_ANALYZER_NUMBER_OBJECT_CONVERSION = YES_AGGRESSIVE;
				CLANG_CXX_LANGUAGE_STANDARD = "gnu++14";
				CLANG_CXX_LIBRARY = "libc++";
				CLANG_ENABLE_MODULES = YES;
				CLANG_ENABLE_OBJC_ARC = YES;
				CLANG_ENABLE_OBJC_WEAK = YES;
				CLANG_WARN_BLOCK_CAPTURE_AUTORELEASING = YES;
				CLANG_WARN_BOOL_CONVERSION = YES;
				CLANG_WARN_COMMA = YES;
				CLANG_WARN_CONSTANT_CONVERSION = YES;
				CLANG_WARN_DEPRECATED_OBJC_IMPLEMENTATIONS = YES;
				CLANG_WARN_DIRECT_OBJC_ISA_USAGE = YES_ERROR;
				CLANG_WARN_DOCUMENTATION_COMMENTS = YES;
				CLANG_WARN_EMPTY_BODY = YES;
				CLANG_WARN_ENUM_CONVERSION = YES;
				CLANG_WARN_INFINITE_RECURSION = YES;
				CLANG_WARN_INT_CONVERSION = YES;
				CLANG_WARN_NON_LITERAL_NULL_CONVERSION = YES;
				CLANG_WARN_OBJC_IMPLICIT_RETAIN_SELF = YES;
				CLANG_WARN_OBJC_LITERAL_CONVERSION = YES;
				CLANG_WARN_OBJC_ROOT_CLASS = YES_ERROR;
				CLANG_WARN_RANGE_LOOP_ANALYSIS = YES;
				CLANG_WARN_STRICT_PROTOTYPES = YES;
				CLANG_WARN_SUSPICIOUS_MOVE = YES;
				CLANG_WARN_UNGUARDED_AVAILABILITY = YES_AGGRESSIVE;
				CLANG_WARN_UNREACHABLE_CODE = YES;
				CLANG_WARN__DUPLICATE_METHOD_MATCH = YES;
				COPY_PHASE_STRIP = NO;
				DEBUG_INFORMATION_FORMAT = dwarf;
				ENABLE_STRICT_OBJC_MSGSEND = YES;
				ENABLE_TESTABILITY = YES;
				GCC_C_LANGUAGE_STANDARD = gnu11;
				GCC_DYNAMIC_NO_PIC = NO;
				GCC_NO_COMMON_BLOCKS = YES;
				GCC_OPTIMIZATION_LEVEL = 0;
				GCC_PREPROCESSOR_DEFINITIONS = (
					"DEBUG=1",
					"$(inherited)",
				);
				GCC_WARN_64_TO_32_BIT_CONVERSION = YES;
				GCC_WARN_ABOUT_RETURN_TYPE = YES_ERROR;
				GCC_WARN_UNDECLARED_SELECTOR = YES;
				GCC_WARN_UNINITIALIZED_AUTOS = YES_AGGRESSIVE;
				GCC_WARN_UNUSED_FUNCTION = YES;
				GCC_WARN_UNUSED_VARIABLE = YES;
				IPHONEOS_DEPLOYMENT_TARGET = 13.0;
				MTL_ENABLE_DEBUG_INFO = INCLUDE_SOURCE;
				MTL_FAST_MATH = YES;
				ONLY_ACTIVE_ARCH = YES;
				SDKROOT = iphoneos;
				SWIFT_ACTIVE_COMPILATION_CONDITIONS = DEBUG;
				SWIFT_OPTIMIZATION_LEVEL = "-Onone";
			};
			name = Debug;
		};
		A3BC81552349251E0045E623 /* Release */ = {
			isa = XCBuildConfiguration;
			buildSettings = {
				ALWAYS_SEARCH_USER_PATHS = NO;
				CLANG_ANALYZER_NONNULL = YES;
				CLANG_ANALYZER_NUMBER_OBJECT_CONVERSION = YES_AGGRESSIVE;
				CLANG_CXX_LANGUAGE_STANDARD = "gnu++14";
				CLANG_CXX_LIBRARY = "libc++";
				CLANG_ENABLE_MODULES = YES;
				CLANG_ENABLE_OBJC_ARC = YES;
				CLANG_ENABLE_OBJC_WEAK = YES;
				CLANG_WARN_BLOCK_CAPTURE_AUTORELEASING = YES;
				CLANG_WARN_BOOL_CONVERSION = YES;
				CLANG_WARN_COMMA = YES;
				CLANG_WARN_CONSTANT_CONVERSION = YES;
				CLANG_WARN_DEPRECATED_OBJC_IMPLEMENTATIONS = YES;
				CLANG_WARN_DIRECT_OBJC_ISA_USAGE = YES_ERROR;
				CLANG_WARN_DOCUMENTATION_COMMENTS = YES;
				CLANG_WARN_EMPTY_BODY = YES;
				CLANG_WARN_ENUM_CONVERSION = YES;
				CLANG_WARN_INFINITE_RECURSION = YES;
				CLANG_WARN_INT_CONVERSION = YES;
				CLANG_WARN_NON_LITERAL_NULL_CONVERSION = YES;
				CLANG_WARN_OBJC_IMPLICIT_RETAIN_SELF = YES;
				CLANG_WARN_OBJC_LITERAL_CONVERSION = YES;
				CLANG_WARN_OBJC_ROOT_CLASS = YES_ERROR;
				CLANG_WARN_RANGE_LOOP_ANALYSIS = YES;
				CLANG_WARN_STRICT_PROTOTYPES = YES;
				CLANG_WARN_SUSPICIOUS_MOVE = YES;
				CLANG_WARN_UNGUARDED_AVAILABILITY = YES_AGGRESSIVE;
				CLANG_WARN_UNREACHABLE_CODE = YES;
				CLANG_WARN__DUPLICATE_METHOD_MATCH = YES;
				COPY_PHASE_STRIP = NO;
				DEBUG_INFORMATION_FORMAT = "dwarf-with-dsym";
				ENABLE_NS_ASSERTIONS = NO;
				ENABLE_STRICT_OBJC_MSGSEND = YES;
				GCC_C_LANGUAGE_STANDARD = gnu11;
				GCC_NO_COMMON_BLOCKS = YES;
				GCC_WARN_64_TO_32_BIT_CONVERSION = YES;
				GCC_WARN_ABOUT_RETURN_TYPE = YES_ERROR;
				GCC_WARN_UNDECLARED_SELECTOR = YES;
				GCC_WARN_UNINITIALIZED_AUTOS = YES_AGGRESSIVE;
				GCC_WARN_UNUSED_FUNCTION = YES;
				GCC_WARN_UNUSED_VARIABLE = YES;
				IPHONEOS_DEPLOYMENT_TARGET = 13.0;
				MTL_ENABLE_DEBUG_INFO = NO;
				MTL_FAST_MATH = YES;
				SDKROOT = iphoneos;
				SWIFT_COMPILATION_MODE = wholemodule;
				SWIFT_OPTIMIZATION_LEVEL = "-O";
				VALIDATE_PRODUCT = YES;
			};
			name = Release;
		};
		A3BC81572349251E0045E623 /* Debug */ = {
			isa = XCBuildConfiguration;
			buildSettings = {
				ASSETCATALOG_COMPILER_APPICON_NAME = AppIcon;
				CODE_SIGN_STYLE = Automatic;
				DEVELOPMENT_TEAM = YCPNHXKJST;
				INFOPLIST_FILE = ShowDoMilhao/Info.plist;
				LD_RUNPATH_SEARCH_PATHS = (
					"$(inherited)",
					"@executable_path/Frameworks",
				);
				PRODUCT_BUNDLE_IDENTIFIER = com.osGods.ShowDoMilhao;
				PRODUCT_NAME = "$(TARGET_NAME)";
				SWIFT_VERSION = 5.0;
				TARGETED_DEVICE_FAMILY = "1,2";
			};
			name = Debug;
		};
		A3BC81582349251E0045E623 /* Release */ = {
			isa = XCBuildConfiguration;
			buildSettings = {
				ASSETCATALOG_COMPILER_APPICON_NAME = AppIcon;
				CODE_SIGN_STYLE = Automatic;
				DEVELOPMENT_TEAM = YCPNHXKJST;
				INFOPLIST_FILE = ShowDoMilhao/Info.plist;
				LD_RUNPATH_SEARCH_PATHS = (
					"$(inherited)",
					"@executable_path/Frameworks",
				);
				PRODUCT_BUNDLE_IDENTIFIER = com.osGods.ShowDoMilhao;
				PRODUCT_NAME = "$(TARGET_NAME)";
				SWIFT_VERSION = 5.0;
				TARGETED_DEVICE_FAMILY = "1,2";
			};
			name = Release;
		};
/* End XCBuildConfiguration section */

/* Begin XCConfigurationList section */
		A3BC813D2349251C0045E623 /* Build configuration list for PBXProject "ShowDoMilhao" */ = {
			isa = XCConfigurationList;
			buildConfigurations = (
				A3BC81542349251E0045E623 /* Debug */,
				A3BC81552349251E0045E623 /* Release */,
			);
			defaultConfigurationIsVisible = 0;
			defaultConfigurationName = Release;
		};
		A3BC81562349251E0045E623 /* Build configuration list for PBXNativeTarget "ShowDoMilhao" */ = {
			isa = XCConfigurationList;
			buildConfigurations = (
				A3BC81572349251E0045E623 /* Debug */,
				A3BC81582349251E0045E623 /* Release */,
			);
			defaultConfigurationIsVisible = 0;
			defaultConfigurationName = Release;
		};
/* End XCConfigurationList section */
	};
	rootObject = A3BC813A2349251C0045E623 /* Project object */;
}
