// !$*UTF8*$!
{
	archiveVersion = 1;
	classes = {
	};
	objectVersion = 51;
	objects = {

/* Begin PBXBuildFile section */
		9857F55C40B463ED8A820373 /* Pods_ShowDoMilhao.framework in Frameworks */ = {isa = PBXBuildFile; fileRef = E1AEC575BD212BBDA90739D4 /* Pods_ShowDoMilhao.framework */; };
		A30C9857235D0C5800A20323 /* LoginViewController.swift in Sources */ = {isa = PBXBuildFile; fileRef = A30C9856235D0C5800A20323 /* LoginViewController.swift */; };
		A31EFD06237D668800A45176 /* HeaderTableView.swift in Sources */ = {isa = PBXBuildFile; fileRef = A31EFD05237D668800A45176 /* HeaderTableView.swift */; };
		A3231817237A462C00B05CDA /* StreamReader.swift in Sources */ = {isa = PBXBuildFile; fileRef = A3231816237A462C00B05CDA /* StreamReader.swift */; };
		A3239AD1237AED8100925786 /* AlternativasTableViewCell.swift in Sources */ = {isa = PBXBuildFile; fileRef = A3239ACF237AED8100925786 /* AlternativasTableViewCell.swift */; };
		A3239AD2237AED8100925786 /* AlternativasTableViewCell.xib in Resources */ = {isa = PBXBuildFile; fileRef = A3239AD0237AED8100925786 /* AlternativasTableViewCell.xib */; };
		A32523E223742B9B00B2087A /* Cadastro.storyboard in Resources */ = {isa = PBXBuildFile; fileRef = A32523E123742B9B00B2087A /* Cadastro.storyboard */; };
		A32523E423742BD300B2087A /* CadastroViewController.swift in Sources */ = {isa = PBXBuildFile; fileRef = A32523E323742BD300B2087A /* CadastroViewController.swift */; };
		A326D0EE237D729E008CB91E /* PerguntaViewController.swift in Sources */ = {isa = PBXBuildFile; fileRef = A326D0ED237D729E008CB91E /* PerguntaViewController.swift */; };
		A32897FE238CA70B00CE0723 /* trilhaSonora.mp3 in Resources */ = {isa = PBXBuildFile; fileRef = A32897FD238CA70B00CE0723 /* trilhaSonora.mp3 */; };
		A328980F238CC14400CE0723 /* 30 mil reais.mp3 in Resources */ = {isa = PBXBuildFile; fileRef = A32897FF238CC14200CE0723 /* 30 mil reais.mp3 */; };
		A3289810238CC14400CE0723 /* 5 mil reais.mp3 in Resources */ = {isa = PBXBuildFile; fileRef = A3289800238CC14200CE0723 /* 5 mil reais.mp3 */; };
		A3289811238CC14400CE0723 /* 2 mil reais.mp3 in Resources */ = {isa = PBXBuildFile; fileRef = A3289801238CC14200CE0723 /* 2 mil reais.mp3 */; };
		A3289812238CC14400CE0723 /* 500 mil reais.mp3 in Resources */ = {isa = PBXBuildFile; fileRef = A3289802238CC14300CE0723 /* 500 mil reais.mp3 */; };
		A3289813238CC14400CE0723 /* 10 mil reais.mp3 in Resources */ = {isa = PBXBuildFile; fileRef = A3289803238CC14300CE0723 /* 10 mil reais.mp3 */; };
		A3289814238CC14400CE0723 /* 1 mil reais.mp3 in Resources */ = {isa = PBXBuildFile; fileRef = A3289804238CC14300CE0723 /* 1 mil reais.mp3 */; };
		A3289815238CC14400CE0723 /* 100 mil reais.mp3 in Resources */ = {isa = PBXBuildFile; fileRef = A3289805238CC14300CE0723 /* 100 mil reais.mp3 */; };
		A3289816238CC14400CE0723 /* 300 mil reais.mp3 in Resources */ = {isa = PBXBuildFile; fileRef = A3289806238CC14300CE0723 /* 300 mil reais.mp3 */; };
		A3289817238CC14400CE0723 /* 400 mil reais.mp3 in Resources */ = {isa = PBXBuildFile; fileRef = A3289807238CC14300CE0723 /* 400 mil reais.mp3 */; };
		A3289818238CC14400CE0723 /* 1000 (milhao) mil de reais.mp3 in Resources */ = {isa = PBXBuildFile; fileRef = A3289808238CC14300CE0723 /* 1000 (milhao) mil de reais.mp3 */; };
		A3289819238CC14400CE0723 /* 20 mil reais.mp3 in Resources */ = {isa = PBXBuildFile; fileRef = A3289809238CC14300CE0723 /* 20 mil reais.mp3 */; };
		A328981A238CC14400CE0723 /* 3 mil reais.mp3 in Resources */ = {isa = PBXBuildFile; fileRef = A328980A238CC14300CE0723 /* 3 mil reais.mp3 */; };
		A328981B238CC14400CE0723 /* 4 mil reais.mp3 in Resources */ = {isa = PBXBuildFile; fileRef = A328980B238CC14300CE0723 /* 4 mil reais.mp3 */; };
		A328981C238CC14400CE0723 /* 50 mil reais.mp3 in Resources */ = {isa = PBXBuildFile; fileRef = A328980C238CC14300CE0723 /* 50 mil reais.mp3 */; };
		A328981D238CC14400CE0723 /* 200 mil reais.mp3 in Resources */ = {isa = PBXBuildFile; fileRef = A328980D238CC14300CE0723 /* 200 mil reais.mp3 */; };
		A328981E238CC14400CE0723 /* 40 mil reais.mp3 in Resources */ = {isa = PBXBuildFile; fileRef = A328980E238CC14400CE0723 /* 40 mil reais.mp3 */; };
		A3289820238CC40700CE0723 /* Pergunta_Som.mp3 in Resources */ = {isa = PBXBuildFile; fileRef = A328981F238CC40700CE0723 /* Pergunta_Som.mp3 */; };
		A3289822238CC41C00CE0723 /* Certa Resposta.mp3 in Resources */ = {isa = PBXBuildFile; fileRef = A3289821238CC41C00CE0723 /* Certa Resposta.mp3 */; };
		A3289824238CC43200CE0723 /* que pena_ voce errou.mp3 in Resources */ = {isa = PBXBuildFile; fileRef = A3289823238CC43200CE0723 /* que pena_ voce errou.mp3 */; };
		A3289826238CCDF900CE0723 /* Ok parou.mp3 in Resources */ = {isa = PBXBuildFile; fileRef = A3289825238CCDF900CE0723 /* Ok parou.mp3 */; };
		A3289828238CD76200CE0723 /* ConfirmarEmailViewController.swift in Sources */ = {isa = PBXBuildFile; fileRef = A3289827238CD76200CE0723 /* ConfirmarEmailViewController.swift */; };
		A3298199238B325D00903697 /* Ranking.storyboard in Resources */ = {isa = PBXBuildFile; fileRef = A3298198238B325D00903697 /* Ranking.storyboard */; };
		A329819F238B32D200903697 /* RankingViewController.swift in Sources */ = {isa = PBXBuildFile; fileRef = A329819E238B32D200903697 /* RankingViewController.swift */; };
		A32981A5238B33F700903697 /* RankingTableViewCell.swift in Sources */ = {isa = PBXBuildFile; fileRef = A32981A3238B33F700903697 /* RankingTableViewCell.swift */; };
		A32981A6238B33F700903697 /* RankingTableViewCell.xib in Resources */ = {isa = PBXBuildFile; fileRef = A32981A4238B33F700903697 /* RankingTableViewCell.xib */; };
		A3569AB2238482A9009B1DF3 /* StatusTableViewCell.swift in Sources */ = {isa = PBXBuildFile; fileRef = A3569AB0238482A9009B1DF3 /* StatusTableViewCell.swift */; };
		A3569AB3238482A9009B1DF3 /* StatusTableViewCell.xib in Resources */ = {isa = PBXBuildFile; fileRef = A3569AB1238482A9009B1DF3 /* StatusTableViewCell.xib */; };
		A37D04B92379A0CC00AD87E8 /* IniciarJogo.swift in Sources */ = {isa = PBXBuildFile; fileRef = A37D04B82379A0CC00AD87E8 /* IniciarJogo.swift */; };
		A3A767A82355FCB00069AFA3 /* Pergunta.storyboard in Resources */ = {isa = PBXBuildFile; fileRef = A3A767A72355FCB00069AFA3 /* Pergunta.storyboard */; };
		A3B08F3423494D6B002B491F /* Home.swift in Sources */ = {isa = PBXBuildFile; fileRef = A3B08F3323494D6B002B491F /* Home.swift */; };
		A3B1DBDF2355E936003049A1 /* GoogleService-Info.plist in Resources */ = {isa = PBXBuildFile; fileRef = A3B1DBDE2355E936003049A1 /* GoogleService-Info.plist */; };
		A3BC81462349251C0045E623 /* AppDelegate.swift in Sources */ = {isa = PBXBuildFile; fileRef = A3BC81452349251C0045E623 /* AppDelegate.swift */; };
		A3BC81482349251C0045E623 /* SceneDelegate.swift in Sources */ = {isa = PBXBuildFile; fileRef = A3BC81472349251C0045E623 /* SceneDelegate.swift */; };
		A3BC814A2349251C0045E623 /* InitViewController.swift in Sources */ = {isa = PBXBuildFile; fileRef = A3BC81492349251C0045E623 /* InitViewController.swift */; };
		A3BC814D2349251C0045E623 /* Main.storyboard in Resources */ = {isa = PBXBuildFile; fileRef = A3BC814B2349251C0045E623 /* Main.storyboard */; };
		A3BC814F2349251E0045E623 /* Assets.xcassets in Resources */ = {isa = PBXBuildFile; fileRef = A3BC814E2349251E0045E623 /* Assets.xcassets */; };
		A3BC81522349251E0045E623 /* LaunchScreen.storyboard in Resources */ = {isa = PBXBuildFile; fileRef = A3BC81502349251E0045E623 /* LaunchScreen.storyboard */; };
		A3BC815E23492D830045E623 /* Pergunta.swift in Sources */ = {isa = PBXBuildFile; fileRef = A3BC815D23492D830045E623 /* Pergunta.swift */; };
		A3BC816023492F060045E623 /* Jogador.swift in Sources */ = {isa = PBXBuildFile; fileRef = A3BC815F23492F060045E623 /* Jogador.swift */; };
		A3BC816323493A990045E623 /* perguntas.txt in Resources */ = {isa = PBXBuildFile; fileRef = A3BC816223493A990045E623 /* perguntas.txt */; };
		A3BC816723493C160045E623 /* ExtensionUIViewController.swift in Sources */ = {isa = PBXBuildFile; fileRef = A3BC816623493C160045E623 /* ExtensionUIViewController.swift */; };
		A3DC40B5235DEC53009F19F3 /* ExtensionUITextField.swift in Sources */ = {isa = PBXBuildFile; fileRef = A3DC40B4235DEC53009F19F3 /* ExtensionUITextField.swift */; };
/* End PBXBuildFile section */

/* Begin PBXFileReference section */
		957F2AEA8594DF09423527D1 /* Pods-ShowDoMilhao.release.xcconfig */ = {isa = PBXFileReference; includeInIndex = 1; lastKnownFileType = text.xcconfig; name = "Pods-ShowDoMilhao.release.xcconfig"; path = "Target Support Files/Pods-ShowDoMilhao/Pods-ShowDoMilhao.release.xcconfig"; sourceTree = "<group>"; };
		95A6AB00E69EE927087E75EB /* Pods-ShowDoMilhao.debug.xcconfig */ = {isa = PBXFileReference; includeInIndex = 1; lastKnownFileType = text.xcconfig; name = "Pods-ShowDoMilhao.debug.xcconfig"; path = "Target Support Files/Pods-ShowDoMilhao/Pods-ShowDoMilhao.debug.xcconfig"; sourceTree = "<group>"; };
		A30C9856235D0C5800A20323 /* LoginViewController.swift */ = {isa = PBXFileReference; lastKnownFileType = sourcecode.swift; path = LoginViewController.swift; sourceTree = "<group>"; };
		A31EFD05237D668800A45176 /* HeaderTableView.swift */ = {isa = PBXFileReference; lastKnownFileType = sourcecode.swift; path = HeaderTableView.swift; sourceTree = "<group>"; };
		A3231816237A462C00B05CDA /* StreamReader.swift */ = {isa = PBXFileReference; lastKnownFileType = sourcecode.swift; path = StreamReader.swift; sourceTree = "<group>"; };
		A3239ACF237AED8100925786 /* AlternativasTableViewCell.swift */ = {isa = PBXFileReference; lastKnownFileType = sourcecode.swift; path = AlternativasTableViewCell.swift; sourceTree = "<group>"; };
		A3239AD0237AED8100925786 /* AlternativasTableViewCell.xib */ = {isa = PBXFileReference; lastKnownFileType = file.xib; path = AlternativasTableViewCell.xib; sourceTree = "<group>"; };
		A32523E123742B9B00B2087A /* Cadastro.storyboard */ = {isa = PBXFileReference; lastKnownFileType = file.storyboard; path = Cadastro.storyboard; sourceTree = "<group>"; };
		A32523E323742BD300B2087A /* CadastroViewController.swift */ = {isa = PBXFileReference; lastKnownFileType = sourcecode.swift; path = CadastroViewController.swift; sourceTree = "<group>"; };
		A326D0ED237D729E008CB91E /* PerguntaViewController.swift */ = {isa = PBXFileReference; lastKnownFileType = sourcecode.swift; path = PerguntaViewController.swift; sourceTree = "<group>"; };
		A32897FD238CA70B00CE0723 /* trilhaSonora.mp3 */ = {isa = PBXFileReference; lastKnownFileType = audio.mp3; path = trilhaSonora.mp3; sourceTree = "<group>"; };
		A32897FF238CC14200CE0723 /* 30 mil reais.mp3 */ = {isa = PBXFileReference; lastKnownFileType = audio.mp3; path = "30 mil reais.mp3"; sourceTree = "<group>"; };
		A3289800238CC14200CE0723 /* 5 mil reais.mp3 */ = {isa = PBXFileReference; lastKnownFileType = audio.mp3; path = "5 mil reais.mp3"; sourceTree = "<group>"; };
		A3289801238CC14200CE0723 /* 2 mil reais.mp3 */ = {isa = PBXFileReference; lastKnownFileType = audio.mp3; path = "2 mil reais.mp3"; sourceTree = "<group>"; };
		A3289802238CC14300CE0723 /* 500 mil reais.mp3 */ = {isa = PBXFileReference; lastKnownFileType = audio.mp3; path = "500 mil reais.mp3"; sourceTree = "<group>"; };
		A3289803238CC14300CE0723 /* 10 mil reais.mp3 */ = {isa = PBXFileReference; lastKnownFileType = audio.mp3; path = "10 mil reais.mp3"; sourceTree = "<group>"; };
		A3289804238CC14300CE0723 /* 1 mil reais.mp3 */ = {isa = PBXFileReference; lastKnownFileType = audio.mp3; path = "1 mil reais.mp3"; sourceTree = "<group>"; };
		A3289805238CC14300CE0723 /* 100 mil reais.mp3 */ = {isa = PBXFileReference; lastKnownFileType = audio.mp3; path = "100 mil reais.mp3"; sourceTree = "<group>"; };
		A3289806238CC14300CE0723 /* 300 mil reais.mp3 */ = {isa = PBXFileReference; lastKnownFileType = audio.mp3; path = "300 mil reais.mp3"; sourceTree = "<group>"; };
		A3289807238CC14300CE0723 /* 400 mil reais.mp3 */ = {isa = PBXFileReference; lastKnownFileType = audio.mp3; path = "400 mil reais.mp3"; sourceTree = "<group>"; };
		A3289808238CC14300CE0723 /* 1000 (milhao) mil de reais.mp3 */ = {isa = PBXFileReference; lastKnownFileType = audio.mp3; path = "1000 (milhao) mil de reais.mp3"; sourceTree = "<group>"; };
		A3289809238CC14300CE0723 /* 20 mil reais.mp3 */ = {isa = PBXFileReference; lastKnownFileType = audio.mp3; path = "20 mil reais.mp3"; sourceTree = "<group>"; };
		A328980A238CC14300CE0723 /* 3 mil reais.mp3 */ = {isa = PBXFileReference; lastKnownFileType = audio.mp3; path = "3 mil reais.mp3"; sourceTree = "<group>"; };
		A328980B238CC14300CE0723 /* 4 mil reais.mp3 */ = {isa = PBXFileReference; lastKnownFileType = audio.mp3; path = "4 mil reais.mp3"; sourceTree = "<group>"; };
		A328980C238CC14300CE0723 /* 50 mil reais.mp3 */ = {isa = PBXFileReference; lastKnownFileType = audio.mp3; path = "50 mil reais.mp3"; sourceTree = "<group>"; };
		A328980D238CC14300CE0723 /* 200 mil reais.mp3 */ = {isa = PBXFileReference; lastKnownFileType = audio.mp3; path = "200 mil reais.mp3"; sourceTree = "<group>"; };
		A328980E238CC14400CE0723 /* 40 mil reais.mp3 */ = {isa = PBXFileReference; lastKnownFileType = audio.mp3; path = "40 mil reais.mp3"; sourceTree = "<group>"; };
		A328981F238CC40700CE0723 /* Pergunta_Som.mp3 */ = {isa = PBXFileReference; lastKnownFileType = audio.mp3; path = Pergunta_Som.mp3; sourceTree = "<group>"; };
		A3289821238CC41C00CE0723 /* Certa Resposta.mp3 */ = {isa = PBXFileReference; lastKnownFileType = audio.mp3; path = "Certa Resposta.mp3"; sourceTree = "<group>"; };
		A3289823238CC43200CE0723 /* que pena_ voce errou.mp3 */ = {isa = PBXFileReference; lastKnownFileType = audio.mp3; path = "que pena_ voce errou.mp3"; sourceTree = "<group>"; };
		A3289825238CCDF900CE0723 /* Ok parou.mp3 */ = {isa = PBXFileReference; lastKnownFileType = audio.mp3; path = "Ok parou.mp3"; sourceTree = "<group>"; };
		A3289827238CD76200CE0723 /* ConfirmarEmailViewController.swift */ = {isa = PBXFileReference; lastKnownFileType = sourcecode.swift; path = ConfirmarEmailViewController.swift; sourceTree = "<group>"; };
		A3298198238B325D00903697 /* Ranking.storyboard */ = {isa = PBXFileReference; lastKnownFileType = file.storyboard; path = Ranking.storyboard; sourceTree = "<group>"; };
		A329819E238B32D200903697 /* RankingViewController.swift */ = {isa = PBXFileReference; lastKnownFileType = sourcecode.swift; path = RankingViewController.swift; sourceTree = "<group>"; };
		A32981A3238B33F700903697 /* RankingTableViewCell.swift */ = {isa = PBXFileReference; lastKnownFileType = sourcecode.swift; path = RankingTableViewCell.swift; sourceTree = "<group>"; };
		A32981A4238B33F700903697 /* RankingTableViewCell.xib */ = {isa = PBXFileReference; lastKnownFileType = file.xib; path = RankingTableViewCell.xib; sourceTree = "<group>"; };
		A3569AB0238482A9009B1DF3 /* StatusTableViewCell.swift */ = {isa = PBXFileReference; lastKnownFileType = sourcecode.swift; path = StatusTableViewCell.swift; sourceTree = "<group>"; };
		A3569AB1238482A9009B1DF3 /* StatusTableViewCell.xib */ = {isa = PBXFileReference; lastKnownFileType = file.xib; path = StatusTableViewCell.xib; sourceTree = "<group>"; };
		A37D04B82379A0CC00AD87E8 /* IniciarJogo.swift */ = {isa = PBXFileReference; lastKnownFileType = sourcecode.swift; path = IniciarJogo.swift; sourceTree = "<group>"; };
		A3A767A72355FCB00069AFA3 /* Pergunta.storyboard */ = {isa = PBXFileReference; lastKnownFileType = file.storyboard; path = Pergunta.storyboard; sourceTree = "<group>"; };
		A3B08F3323494D6B002B491F /* Home.swift */ = {isa = PBXFileReference; lastKnownFileType = sourcecode.swift; path = Home.swift; sourceTree = "<group>"; };
		A3B1DBDE2355E936003049A1 /* GoogleService-Info.plist */ = {isa = PBXFileReference; fileEncoding = 4; lastKnownFileType = text.plist.xml; path = "GoogleService-Info.plist"; sourceTree = "<group>"; };
		A3BC81422349251C0045E623 /* ShowDoMilhao.app */ = {isa = PBXFileReference; explicitFileType = wrapper.application; includeInIndex = 0; path = ShowDoMilhao.app; sourceTree = BUILT_PRODUCTS_DIR; };
		A3BC81452349251C0045E623 /* AppDelegate.swift */ = {isa = PBXFileReference; lastKnownFileType = sourcecode.swift; path = AppDelegate.swift; sourceTree = "<group>"; };
		A3BC81472349251C0045E623 /* SceneDelegate.swift */ = {isa = PBXFileReference; lastKnownFileType = sourcecode.swift; path = SceneDelegate.swift; sourceTree = "<group>"; };
		A3BC81492349251C0045E623 /* InitViewController.swift */ = {isa = PBXFileReference; lastKnownFileType = sourcecode.swift; path = InitViewController.swift; sourceTree = "<group>"; };
		A3BC814C2349251C0045E623 /* Base */ = {isa = PBXFileReference; lastKnownFileType = file.storyboard; name = Base; path = Base.lproj/Main.storyboard; sourceTree = "<group>"; };
		A3BC814E2349251E0045E623 /* Assets.xcassets */ = {isa = PBXFileReference; lastKnownFileType = folder.assetcatalog; path = Assets.xcassets; sourceTree = "<group>"; };
		A3BC81512349251E0045E623 /* Base */ = {isa = PBXFileReference; lastKnownFileType = file.storyboard; name = Base; path = Base.lproj/LaunchScreen.storyboard; sourceTree = "<group>"; };
		A3BC81532349251E0045E623 /* Info.plist */ = {isa = PBXFileReference; lastKnownFileType = text.plist.xml; path = Info.plist; sourceTree = "<group>"; };
		A3BC815D23492D830045E623 /* Pergunta.swift */ = {isa = PBXFileReference; lastKnownFileType = sourcecode.swift; path = Pergunta.swift; sourceTree = "<group>"; };
		A3BC815F23492F060045E623 /* Jogador.swift */ = {isa = PBXFileReference; lastKnownFileType = sourcecode.swift; path = Jogador.swift; sourceTree = "<group>"; };
		A3BC816223493A990045E623 /* perguntas.txt */ = {isa = PBXFileReference; fileEncoding = 4; lastKnownFileType = text; path = perguntas.txt; sourceTree = "<group>"; };
		A3BC816623493C160045E623 /* ExtensionUIViewController.swift */ = {isa = PBXFileReference; lastKnownFileType = sourcecode.swift; path = ExtensionUIViewController.swift; sourceTree = "<group>"; };
		A3DC40B4235DEC53009F19F3 /* ExtensionUITextField.swift */ = {isa = PBXFileReference; lastKnownFileType = sourcecode.swift; path = ExtensionUITextField.swift; sourceTree = "<group>"; };
		E1AEC575BD212BBDA90739D4 /* Pods_ShowDoMilhao.framework */ = {isa = PBXFileReference; explicitFileType = wrapper.framework; includeInIndex = 0; path = Pods_ShowDoMilhao.framework; sourceTree = BUILT_PRODUCTS_DIR; };
/* End PBXFileReference section */

/* Begin PBXFrameworksBuildPhase section */
		A3BC813F2349251C0045E623 /* Frameworks */ = {
			isa = PBXFrameworksBuildPhase;
			buildActionMask = 2147483647;
			files = (
				9857F55C40B463ED8A820373 /* Pods_ShowDoMilhao.framework in Frameworks */,
			);
			runOnlyForDeploymentPostprocessing = 0;
		};
/* End PBXFrameworksBuildPhase section */

/* Begin PBXGroup section */
		71CD7DD5E6267C3E982AABF7 /* Pods */ = {
			isa = PBXGroup;
			children = (
				95A6AB00E69EE927087E75EB /* Pods-ShowDoMilhao.debug.xcconfig */,
				957F2AEA8594DF09423527D1 /* Pods-ShowDoMilhao.release.xcconfig */,
			);
			path = Pods;
			sourceTree = "<group>";
		};
		A3231815237A461D00B05CDA /* Resources */ = {
			isa = PBXGroup;
			children = (
				A3231816237A462C00B05CDA /* StreamReader.swift */,
			);
			path = Resources;
			sourceTree = "<group>";
		};
		A3239ACD237AECA200925786 /* Views */ = {
			isa = PBXGroup;
			children = (
				A3569AAF238481EF009B1DF3 /* StatusCell */,
				A3569AAE238481DC009B1DF3 /* AlternativasCell */,
				A31EFD05237D668800A45176 /* HeaderTableView.swift */,
			);
			path = Views;
			sourceTree = "<group>";
		};
		A32523DF23742B5700B2087A /* Cadastro */ = {
			isa = PBXGroup;
			children = (
				A32523E123742B9B00B2087A /* Cadastro.storyboard */,
				A32523E023742B8300B2087A /* Controller */,
			);
			path = Cadastro;
			sourceTree = "<group>";
		};
		A32523E023742B8300B2087A /* Controller */ = {
			isa = PBXGroup;
			children = (
				A32523E323742BD300B2087A /* CadastroViewController.swift */,
				A3289827238CD76200CE0723 /* ConfirmarEmailViewController.swift */,
			);
			path = Controller;
			sourceTree = "<group>";
		};
		A3298196238B322800903697 /* Raking */ = {
			isa = PBXGroup;
			children = (
				A3298198238B325D00903697 /* Ranking.storyboard */,
				A329819A238B326800903697 /* Model */,
				A3298197238B324C00903697 /* Controller */,
			);
			path = Raking;
			sourceTree = "<group>";
		};
		A3298197238B324C00903697 /* Controller */ = {
			isa = PBXGroup;
			children = (
				A329819E238B32D200903697 /* RankingViewController.swift */,
				A32981A2238B33E200903697 /* Cell */,
			);
			path = Controller;
			sourceTree = "<group>";
		};
		A329819A238B326800903697 /* Model */ = {
			isa = PBXGroup;
			children = (
			);
			name = Model;
			sourceTree = "<group>";
		};
		A32981A2238B33E200903697 /* Cell */ = {
			isa = PBXGroup;
			children = (
				A32981A3238B33F700903697 /* RankingTableViewCell.swift */,
				A32981A4238B33F700903697 /* RankingTableViewCell.xib */,
			);
			path = Cell;
			sourceTree = "<group>";
		};
		A3569AAE238481DC009B1DF3 /* AlternativasCell */ = {
			isa = PBXGroup;
			children = (
				A3239ACF237AED8100925786 /* AlternativasTableViewCell.swift */,
				A3239AD0237AED8100925786 /* AlternativasTableViewCell.xib */,
			);
			name = AlternativasCell;
			sourceTree = "<group>";
		};
		A3569AAF238481EF009B1DF3 /* StatusCell */ = {
			isa = PBXGroup;
			children = (
				A3569AB0238482A9009B1DF3 /* StatusTableViewCell.swift */,
				A3569AB1238482A9009B1DF3 /* StatusTableViewCell.xib */,
			);
			path = StatusCell;
			sourceTree = "<group>";
		};
		A37D04B7237995EA00AD87E8 /* Pergunta */ = {
			isa = PBXGroup;
			children = (
			);
			path = Pergunta;
			sourceTree = "<group>";
		};
		A3B1DBDA2355E326003049A1 /* Login */ = {
			isa = PBXGroup;
			children = (
				A3BC814B2349251C0045E623 /* Main.storyboard */,
				A3B1DBDC2355E388003049A1 /* Controller */,
				A3B1DBDB2355E33B003049A1 /* Model */,
			);
			path = Login;
			sourceTree = "<group>";
		};
		A3B1DBDB2355E33B003049A1 /* Model */ = {
			isa = PBXGroup;
			children = (
				A3BC815F23492F060045E623 /* Jogador.swift */,
			);
			path = Model;
			sourceTree = "<group>";
		};
		A3B1DBDC2355E388003049A1 /* Controller */ = {
			isa = PBXGroup;
			children = (
				A3BC81492349251C0045E623 /* InitViewController.swift */,
				A30C9856235D0C5800A20323 /* LoginViewController.swift */,
			);
			path = Controller;
			sourceTree = "<group>";
		};
		A3B1DBDD2355E3B0003049A1 /* Jogar */ = {
			isa = PBXGroup;
			children = (
				A3A767A72355FCB00069AFA3 /* Pergunta.storyboard */,
				A3BC815B23492AEA0045E623 /* Controller */,
				A3BC815C23492C780045E623 /* Model */,
			);
			path = Jogar;
			sourceTree = "<group>";
		};
		A3BC81392349251C0045E623 = {
			isa = PBXGroup;
			children = (
				A3BC81442349251C0045E623 /* ShowDoMilhao */,
				A3BC81432349251C0045E623 /* Products */,
				71CD7DD5E6267C3E982AABF7 /* Pods */,
				E9D255CD264D47631BB798EB /* Frameworks */,
			);
			sourceTree = "<group>";
		};
		A3BC81432349251C0045E623 /* Products */ = {
			isa = PBXGroup;
			children = (
				A3BC81422349251C0045E623 /* ShowDoMilhao.app */,
			);
			name = Products;
			sourceTree = "<group>";
		};
		A3BC81442349251C0045E623 /* ShowDoMilhao */ = {
			isa = PBXGroup;
			children = (
				A3BC815923492AD40045E623 /* Application */,
				A3BC815A23492AE10045E623 /* Base */,
				A3BC8161234939F70045E623 /* Resources */,
				A3B1DBDA2355E326003049A1 /* Login */,
				A32523DF23742B5700B2087A /* Cadastro */,
				A3B1DBDD2355E3B0003049A1 /* Jogar */,
				A3298196238B322800903697 /* Raking */,
				A37D04B7237995EA00AD87E8 /* Pergunta */,
				A3BC81532349251E0045E623 /* Info.plist */,
				A3B1DBDE2355E936003049A1 /* GoogleService-Info.plist */,
			);
			path = ShowDoMilhao;
			sourceTree = "<group>";
		};
		A3BC815923492AD40045E623 /* Application */ = {
			isa = PBXGroup;
			children = (
				A3231815237A461D00B05CDA /* Resources */,
				A3BC816423493BE80045E623 /* Extension */,
				A3BC81452349251C0045E623 /* AppDelegate.swift */,
				A3BC81472349251C0045E623 /* SceneDelegate.swift */,
				A3BC814E2349251E0045E623 /* Assets.xcassets */,
			);
			path = Application;
			sourceTree = "<group>";
		};
		A3BC815A23492AE10045E623 /* Base */ = {
			isa = PBXGroup;
			children = (
				A3BC81502349251E0045E623 /* LaunchScreen.storyboard */,
			);
			path = Base;
			sourceTree = "<group>";
		};
		A3BC815B23492AEA0045E623 /* Controller */ = {
			isa = PBXGroup;
			children = (
				A3B08F3323494D6B002B491F /* Home.swift */,
				A37D04B82379A0CC00AD87E8 /* IniciarJogo.swift */,
				A326D0ED237D729E008CB91E /* PerguntaViewController.swift */,
				A3239ACD237AECA200925786 /* Views */,
			);
			path = Controller;
			sourceTree = "<group>";
		};
		A3BC815C23492C780045E623 /* Model */ = {
			isa = PBXGroup;
			children = (
				A3BC815D23492D830045E623 /* Pergunta.swift */,
			);
			path = Model;
			sourceTree = "<group>";
		};
		A3BC8161234939F70045E623 /* Resources */ = {
			isa = PBXGroup;
			children = (
				A3BC816223493A990045E623 /* perguntas.txt */,
				A32897FD238CA70B00CE0723 /* trilhaSonora.mp3 */,
				A3289804238CC14300CE0723 /* 1 mil reais.mp3 */,
				A3289801238CC14200CE0723 /* 2 mil reais.mp3 */,
				A328980A238CC14300CE0723 /* 3 mil reais.mp3 */,
				A328980B238CC14300CE0723 /* 4 mil reais.mp3 */,
				A3289800238CC14200CE0723 /* 5 mil reais.mp3 */,
				A3289803238CC14300CE0723 /* 10 mil reais.mp3 */,
				A3289809238CC14300CE0723 /* 20 mil reais.mp3 */,
				A32897FF238CC14200CE0723 /* 30 mil reais.mp3 */,
				A328980E238CC14400CE0723 /* 40 mil reais.mp3 */,
				A328980C238CC14300CE0723 /* 50 mil reais.mp3 */,
				A3289805238CC14300CE0723 /* 100 mil reais.mp3 */,
				A328980D238CC14300CE0723 /* 200 mil reais.mp3 */,
				A3289806238CC14300CE0723 /* 300 mil reais.mp3 */,
				A3289807238CC14300CE0723 /* 400 mil reais.mp3 */,
				A3289802238CC14300CE0723 /* 500 mil reais.mp3 */,
				A3289808238CC14300CE0723 /* 1000 (milhao) mil de reais.mp3 */,
				A328981F238CC40700CE0723 /* Pergunta_Som.mp3 */,
				A3289821238CC41C00CE0723 /* Certa Resposta.mp3 */,
				A3289823238CC43200CE0723 /* que pena_ voce errou.mp3 */,
				A3289825238CCDF900CE0723 /* Ok parou.mp3 */,
			);
			path = Resources;
			sourceTree = "<group>";
		};
		A3BC816423493BE80045E623 /* Extension */ = {
			isa = PBXGroup;
			children = (
				A3BC816623493C160045E623 /* ExtensionUIViewController.swift */,
				A3DC40B4235DEC53009F19F3 /* ExtensionUITextField.swift */,
			);
			path = Extension;
			sourceTree = "<group>";
		};
		E9D255CD264D47631BB798EB /* Frameworks */ = {
			isa = PBXGroup;
			children = (
				E1AEC575BD212BBDA90739D4 /* Pods_ShowDoMilhao.framework */,
			);
			name = Frameworks;
			sourceTree = "<group>";
		};
/* End PBXGroup section */

/* Begin PBXNativeTarget section */
		A3BC81412349251C0045E623 /* ShowDoMilhao */ = {
			isa = PBXNativeTarget;
			buildConfigurationList = A3BC81562349251E0045E623 /* Build configuration list for PBXNativeTarget "ShowDoMilhao" */;
			buildPhases = (
				66505FED5E9A7FD9502FE4AE /* [CP] Check Pods Manifest.lock */,
				A3BC813E2349251C0045E623 /* Sources */,
				A3BC813F2349251C0045E623 /* Frameworks */,
				A3BC81402349251C0045E623 /* Resources */,
				16AB50AE87FC5EAD471BE6D9 /* [CP] Embed Pods Frameworks */,
			);
			buildRules = (
			);
			dependencies = (
			);
			name = ShowDoMilhao;
			productName = ShowDoMilhao;
			productReference = A3BC81422349251C0045E623 /* ShowDoMilhao.app */;
			productType = "com.apple.product-type.application";
		};
/* End PBXNativeTarget section */

/* Begin PBXProject section */
		A3BC813A2349251C0045E623 /* Project object */ = {
			isa = PBXProject;
			attributes = {
				LastSwiftUpdateCheck = 1100;
				LastUpgradeCheck = 1100;
				ORGANIZATIONNAME = osGods;
				TargetAttributes = {
					A3BC81412349251C0045E623 = {
						CreatedOnToolsVersion = 11.0;
					};
				};
			};
			buildConfigurationList = A3BC813D2349251C0045E623 /* Build configuration list for PBXProject "ShowDoMilhao" */;
			compatibilityVersion = "Xcode 9.3";
			developmentRegion = en;
			hasScannedForEncodings = 0;
			knownRegions = (
				en,
				Base,
			);
			mainGroup = A3BC81392349251C0045E623;
			productRefGroup = A3BC81432349251C0045E623 /* Products */;
			projectDirPath = "";
			projectRoot = "";
			targets = (
				A3BC81412349251C0045E623 /* ShowDoMilhao */,
			);
		};
/* End PBXProject section */

/* Begin PBXResourcesBuildPhase section */
		A3BC81402349251C0045E623 /* Resources */ = {
			isa = PBXResourcesBuildPhase;
			buildActionMask = 2147483647;
			files = (
				A328981E238CC14400CE0723 /* 40 mil reais.mp3 in Resources */,
				A32897FE238CA70B00CE0723 /* trilhaSonora.mp3 in Resources */,
				A32981A6238B33F700903697 /* RankingTableViewCell.xib in Resources */,
				A3BC816323493A990045E623 /* perguntas.txt in Resources */,
				A3BC81522349251E0045E623 /* LaunchScreen.storyboard in Resources */,
				A3289816238CC14400CE0723 /* 300 mil reais.mp3 in Resources */,
				A3289810238CC14400CE0723 /* 5 mil reais.mp3 in Resources */,
				A3289819238CC14400CE0723 /* 20 mil reais.mp3 in Resources */,
				A3289817238CC14400CE0723 /* 400 mil reais.mp3 in Resources */,
				A3569AB3238482A9009B1DF3 /* StatusTableViewCell.xib in Resources */,
				A3289815238CC14400CE0723 /* 100 mil reais.mp3 in Resources */,
				A3289826238CCDF900CE0723 /* Ok parou.mp3 in Resources */,
				A3289820238CC40700CE0723 /* Pergunta_Som.mp3 in Resources */,
				A3289818238CC14400CE0723 /* 1000 (milhao) mil de reais.mp3 in Resources */,
				A3289813238CC14400CE0723 /* 10 mil reais.mp3 in Resources */,
				A3A767A82355FCB00069AFA3 /* Pergunta.storyboard in Resources */,
				A32523E223742B9B00B2087A /* Cadastro.storyboard in Resources */,
				A3289822238CC41C00CE0723 /* Certa Resposta.mp3 in Resources */,
				A3B1DBDF2355E936003049A1 /* GoogleService-Info.plist in Resources */,
				A3BC814F2349251E0045E623 /* Assets.xcassets in Resources */,
				A3289812238CC14400CE0723 /* 500 mil reais.mp3 in Resources */,
				A3289811238CC14400CE0723 /* 2 mil reais.mp3 in Resources */,
				A3BC814D2349251C0045E623 /* Main.storyboard in Resources */,
				A3239AD2237AED8100925786 /* AlternativasTableViewCell.xib in Resources */,
				A328980F238CC14400CE0723 /* 30 mil reais.mp3 in Resources */,
				A328981B238CC14400CE0723 /* 4 mil reais.mp3 in Resources */,
				A328981D238CC14400CE0723 /* 200 mil reais.mp3 in Resources */,
				A3289814238CC14400CE0723 /* 1 mil reais.mp3 in Resources */,
				A328981A238CC14400CE0723 /* 3 mil reais.mp3 in Resources */,
				A3298199238B325D00903697 /* Ranking.storyboard in Resources */,
				A328981C238CC14400CE0723 /* 50 mil reais.mp3 in Resources */,
				A3289824238CC43200CE0723 /* que pena_ voce errou.mp3 in Resources */,
			);
			runOnlyForDeploymentPostprocessing = 0;
		};
/* End PBXResourcesBuildPhase section */

/* Begin PBXShellScriptBuildPhase section */
		16AB50AE87FC5EAD471BE6D9 /* [CP] Embed Pods Frameworks */ = {
			isa = PBXShellScriptBuildPhase;
			buildActionMask = 2147483647;
			files = (
			);
			inputFileListPaths = (
				"${PODS_ROOT}/Target Support Files/Pods-ShowDoMilhao/Pods-ShowDoMilhao-frameworks-${CONFIGURATION}-input-files.xcfilelist",
			);
			name = "[CP] Embed Pods Frameworks";
			outputFileListPaths = (
				"${PODS_ROOT}/Target Support Files/Pods-ShowDoMilhao/Pods-ShowDoMilhao-frameworks-${CONFIGURATION}-output-files.xcfilelist",
			);
			runOnlyForDeploymentPostprocessing = 0;
			shellPath = /bin/sh;
			shellScript = "\"${PODS_ROOT}/Target Support Files/Pods-ShowDoMilhao/Pods-ShowDoMilhao-frameworks.sh\"\n";
			showEnvVarsInLog = 0;
		};
		66505FED5E9A7FD9502FE4AE /* [CP] Check Pods Manifest.lock */ = {
			isa = PBXShellScriptBuildPhase;
			buildActionMask = 2147483647;
			files = (
			);
			inputFileListPaths = (
			);
			inputPaths = (
				"${PODS_PODFILE_DIR_PATH}/Podfile.lock",
				"${PODS_ROOT}/Manifest.lock",
			);
			name = "[CP] Check Pods Manifest.lock";
			outputFileListPaths = (
			);
			outputPaths = (
				"$(DERIVED_FILE_DIR)/Pods-ShowDoMilhao-checkManifestLockResult.txt",
			);
			runOnlyForDeploymentPostprocessing = 0;
			shellPath = /bin/sh;
			shellScript = "diff \"${PODS_PODFILE_DIR_PATH}/Podfile.lock\" \"${PODS_ROOT}/Manifest.lock\" > /dev/null\nif [ $? != 0 ] ; then\n    # print error to STDERR\n    echo \"error: The sandbox is not in sync with the Podfile.lock. Run 'pod install' or update your CocoaPods installation.\" >&2\n    exit 1\nfi\n# This output is used by Xcode 'outputs' to avoid re-running this script phase.\necho \"SUCCESS\" > \"${SCRIPT_OUTPUT_FILE_0}\"\n";
			showEnvVarsInLog = 0;
		};
/* End PBXShellScriptBuildPhase section */

/* Begin PBXSourcesBuildPhase section */
		A3BC813E2349251C0045E623 /* Sources */ = {
			isa = PBXSourcesBuildPhase;
			buildActionMask = 2147483647;
			files = (
				A3231817237A462C00B05CDA /* StreamReader.swift in Sources */,
				A3BC814A2349251C0045E623 /* InitViewController.swift in Sources */,
				A32981A5238B33F700903697 /* RankingTableViewCell.swift in Sources */,
				A326D0EE237D729E008CB91E /* PerguntaViewController.swift in Sources */,
				A3239AD1237AED8100925786 /* AlternativasTableViewCell.swift in Sources */,
				A3BC81462349251C0045E623 /* AppDelegate.swift in Sources */,
				A31EFD06237D668800A45176 /* HeaderTableView.swift in Sources */,
				A3B08F3423494D6B002B491F /* Home.swift in Sources */,
				A32523E423742BD300B2087A /* CadastroViewController.swift in Sources */,
				A3DC40B5235DEC53009F19F3 /* ExtensionUITextField.swift in Sources */,
				A3BC816723493C160045E623 /* ExtensionUIViewController.swift in Sources */,
				A329819F238B32D200903697 /* RankingViewController.swift in Sources */,
				A37D04B92379A0CC00AD87E8 /* IniciarJogo.swift in Sources */,
				A3289828238CD76200CE0723 /* ConfirmarEmailViewController.swift in Sources */,
				A3569AB2238482A9009B1DF3 /* StatusTableViewCell.swift in Sources */,
				A30C9857235D0C5800A20323 /* LoginViewController.swift in Sources */,
				A3BC816023492F060045E623 /* Jogador.swift in Sources */,
				A3BC81482349251C0045E623 /* SceneDelegate.swift in Sources */,
				A3BC815E23492D830045E623 /* Pergunta.swift in Sources */,
			);
			runOnlyForDeploymentPostprocessing = 0;
		};
/* End PBXSourcesBuildPhase section */

/* Begin PBXVariantGroup section */
		A3BC814B2349251C0045E623 /* Main.storyboard */ = {
			isa = PBXVariantGroup;
			children = (
				A3BC814C2349251C0045E623 /* Base */,
			);
			name = Main.storyboard;
			sourceTree = "<group>";
		};
		A3BC81502349251E0045E623 /* LaunchScreen.storyboard */ = {
			isa = PBXVariantGroup;
			children = (
				A3BC81512349251E0045E623 /* Base */,
			);
			name = LaunchScreen.storyboard;
			sourceTree = "<group>";
		};
/* End PBXVariantGroup section */

/* Begin XCBuildConfiguration section */
		A3BC81542349251E0045E623 /* Debug */ = {
			isa = XCBuildConfiguration;
			buildSettings = {
				ALWAYS_SEARCH_USER_PATHS = NO;
				CLANG_ANALYZER_NONNULL = YES;
				CLANG_ANALYZER_NUMBER_OBJECT_CONVERSION = YES_AGGRESSIVE;
				CLANG_CXX_LANGUAGE_STANDARD = "gnu++14";
				CLANG_CXX_LIBRARY = "libc++";
				CLANG_ENABLE_MODULES = YES;
				CLANG_ENABLE_OBJC_ARC = YES;
				CLANG_ENABLE_OBJC_WEAK = YES;
				CLANG_WARN_BLOCK_CAPTURE_AUTORELEASING = YES;
				CLANG_WARN_BOOL_CONVERSION = YES;
				CLANG_WARN_COMMA = YES;
				CLANG_WARN_CONSTANT_CONVERSION = YES;
				CLANG_WARN_DEPRECATED_OBJC_IMPLEMENTATIONS = YES;
				CLANG_WARN_DIRECT_OBJC_ISA_USAGE = YES_ERROR;
				CLANG_WARN_DOCUMENTATION_COMMENTS = YES;
				CLANG_WARN_EMPTY_BODY = YES;
				CLANG_WARN_ENUM_CONVERSION = YES;
				CLANG_WARN_INFINITE_RECURSION = YES;
				CLANG_WARN_INT_CONVERSION = YES;
				CLANG_WARN_NON_LITERAL_NULL_CONVERSION = YES;
				CLANG_WARN_OBJC_IMPLICIT_RETAIN_SELF = YES;
				CLANG_WARN_OBJC_LITERAL_CONVERSION = YES;
				CLANG_WARN_OBJC_ROOT_CLASS = YES_ERROR;
				CLANG_WARN_RANGE_LOOP_ANALYSIS = YES;
				CLANG_WARN_STRICT_PROTOTYPES = YES;
				CLANG_WARN_SUSPICIOUS_MOVE = YES;
				CLANG_WARN_UNGUARDED_AVAILABILITY = YES_AGGRESSIVE;
				CLANG_WARN_UNREACHABLE_CODE = YES;
				CLANG_WARN__DUPLICATE_METHOD_MATCH = YES;
				COPY_PHASE_STRIP = NO;
				DEBUG_INFORMATION_FORMAT = dwarf;
				ENABLE_STRICT_OBJC_MSGSEND = YES;
				ENABLE_TESTABILITY = YES;
				GCC_C_LANGUAGE_STANDARD = gnu11;
				GCC_DYNAMIC_NO_PIC = NO;
				GCC_NO_COMMON_BLOCKS = YES;
				GCC_OPTIMIZATION_LEVEL = 0;
				GCC_PREPROCESSOR_DEFINITIONS = (
					"DEBUG=1",
					"$(inherited)",
				);
				GCC_WARN_64_TO_32_BIT_CONVERSION = YES;
				GCC_WARN_ABOUT_RETURN_TYPE = YES_ERROR;
				GCC_WARN_UNDECLARED_SELECTOR = YES;
				GCC_WARN_UNINITIALIZED_AUTOS = YES_AGGRESSIVE;
				GCC_WARN_UNUSED_FUNCTION = YES;
				GCC_WARN_UNUSED_VARIABLE = YES;
				IPHONEOS_DEPLOYMENT_TARGET = 13.0;
				MTL_ENABLE_DEBUG_INFO = INCLUDE_SOURCE;
				MTL_FAST_MATH = YES;
				ONLY_ACTIVE_ARCH = YES;
				SDKROOT = iphoneos;
				SWIFT_ACTIVE_COMPILATION_CONDITIONS = DEBUG;
				SWIFT_OPTIMIZATION_LEVEL = "-Onone";
			};
			name = Debug;
		};
		A3BC81552349251E0045E623 /* Release */ = {
			isa = XCBuildConfiguration;
			buildSettings = {
				ALWAYS_SEARCH_USER_PATHS = NO;
				CLANG_ANALYZER_NONNULL = YES;
				CLANG_ANALYZER_NUMBER_OBJECT_CONVERSION = YES_AGGRESSIVE;
				CLANG_CXX_LANGUAGE_STANDARD = "gnu++14";
				CLANG_CXX_LIBRARY = "libc++";
				CLANG_ENABLE_MODULES = YES;
				CLANG_ENABLE_OBJC_ARC = YES;
				CLANG_ENABLE_OBJC_WEAK = YES;
				CLANG_WARN_BLOCK_CAPTURE_AUTORELEASING = YES;
				CLANG_WARN_BOOL_CONVERSION = YES;
				CLANG_WARN_COMMA = YES;
				CLANG_WARN_CONSTANT_CONVERSION = YES;
				CLANG_WARN_DEPRECATED_OBJC_IMPLEMENTATIONS = YES;
				CLANG_WARN_DIRECT_OBJC_ISA_USAGE = YES_ERROR;
				CLANG_WARN_DOCUMENTATION_COMMENTS = YES;
				CLANG_WARN_EMPTY_BODY = YES;
				CLANG_WARN_ENUM_CONVERSION = YES;
				CLANG_WARN_INFINITE_RECURSION = YES;
				CLANG_WARN_INT_CONVERSION = YES;
				CLANG_WARN_NON_LITERAL_NULL_CONVERSION = YES;
				CLANG_WARN_OBJC_IMPLICIT_RETAIN_SELF = YES;
				CLANG_WARN_OBJC_LITERAL_CONVERSION = YES;
				CLANG_WARN_OBJC_ROOT_CLASS = YES_ERROR;
				CLANG_WARN_RANGE_LOOP_ANALYSIS = YES;
				CLANG_WARN_STRICT_PROTOTYPES = YES;
				CLANG_WARN_SUSPICIOUS_MOVE = YES;
				CLANG_WARN_UNGUARDED_AVAILABILITY = YES_AGGRESSIVE;
				CLANG_WARN_UNREACHABLE_CODE = YES;
				CLANG_WARN__DUPLICATE_METHOD_MATCH = YES;
				COPY_PHASE_STRIP = NO;
				DEBUG_INFORMATION_FORMAT = "dwarf-with-dsym";
				ENABLE_NS_ASSERTIONS = NO;
				ENABLE_STRICT_OBJC_MSGSEND = YES;
				GCC_C_LANGUAGE_STANDARD = gnu11;
				GCC_NO_COMMON_BLOCKS = YES;
				GCC_WARN_64_TO_32_BIT_CONVERSION = YES;
				GCC_WARN_ABOUT_RETURN_TYPE = YES_ERROR;
				GCC_WARN_UNDECLARED_SELECTOR = YES;
				GCC_WARN_UNINITIALIZED_AUTOS = YES_AGGRESSIVE;
				GCC_WARN_UNUSED_FUNCTION = YES;
				GCC_WARN_UNUSED_VARIABLE = YES;
				IPHONEOS_DEPLOYMENT_TARGET = 13.0;
				MTL_ENABLE_DEBUG_INFO = NO;
				MTL_FAST_MATH = YES;
				SDKROOT = iphoneos;
				SWIFT_COMPILATION_MODE = wholemodule;
				SWIFT_OPTIMIZATION_LEVEL = "-O";
				VALIDATE_PRODUCT = YES;
			};
			name = Release;
		};
		A3BC81572349251E0045E623 /* Debug */ = {
			isa = XCBuildConfiguration;
			baseConfigurationReference = 95A6AB00E69EE927087E75EB /* Pods-ShowDoMilhao.debug.xcconfig */;
			buildSettings = {
				ASSETCATALOG_COMPILER_APPICON_NAME = AppIcon;
				CODE_SIGN_STYLE = Automatic;
				DEVELOPMENT_TEAM = YCPNHXKJST;
				INFOPLIST_FILE = ShowDoMilhao/Info.plist;
				LD_RUNPATH_SEARCH_PATHS = (
					"$(inherited)",
					"@executable_path/Frameworks",
				);
				PRODUCT_BUNDLE_IDENTIFIER = com.osGods.ShowDoMilhao;
				PRODUCT_NAME = "$(TARGET_NAME)";
				SWIFT_VERSION = 5.0;
				TARGETED_DEVICE_FAMILY = "1,2";
			};
			name = Debug;
		};
		A3BC81582349251E0045E623 /* Release */ = {
			isa = XCBuildConfiguration;
			baseConfigurationReference = 957F2AEA8594DF09423527D1 /* Pods-ShowDoMilhao.release.xcconfig */;
			buildSettings = {
				ASSETCATALOG_COMPILER_APPICON_NAME = AppIcon;
				CODE_SIGN_STYLE = Automatic;
				DEVELOPMENT_TEAM = YCPNHXKJST;
				INFOPLIST_FILE = ShowDoMilhao/Info.plist;
				LD_RUNPATH_SEARCH_PATHS = (
					"$(inherited)",
					"@executable_path/Frameworks",
				);
				PRODUCT_BUNDLE_IDENTIFIER = com.osGods.ShowDoMilhao;
				PRODUCT_NAME = "$(TARGET_NAME)";
				SWIFT_VERSION = 5.0;
				TARGETED_DEVICE_FAMILY = "1,2";
			};
			name = Release;
		};
/* End XCBuildConfiguration section */

/* Begin XCConfigurationList section */
		A3BC813D2349251C0045E623 /* Build configuration list for PBXProject "ShowDoMilhao" */ = {
			isa = XCConfigurationList;
			buildConfigurations = (
				A3BC81542349251E0045E623 /* Debug */,
				A3BC81552349251E0045E623 /* Release */,
			);
			defaultConfigurationIsVisible = 0;
			defaultConfigurationName = Release;
		};
		A3BC81562349251E0045E623 /* Build configuration list for PBXNativeTarget "ShowDoMilhao" */ = {
			isa = XCConfigurationList;
			buildConfigurations = (
				A3BC81572349251E0045E623 /* Debug */,
				A3BC81582349251E0045E623 /* Release */,
			);
			defaultConfigurationIsVisible = 0;
			defaultConfigurationName = Release;
		};
/* End XCConfigurationList section */
	};
	rootObject = A3BC813A2349251C0045E623 /* Project object */;
}
